
Microsoft Visual Studio Solution File, Format Version 12.00
# Visual Studio 15
VisualStudioVersion = 15.0.26730.16
MinimumVisualStudioVersion = 10.0.40219.1
Project("{FAE04EC0-301F-11D3-BF4B-00C04F79EFBC}") = "MegaDesk-1-Makram-Ibrahim", "MegaDesk-1-Makram-Ibrahim\MegaDesk-1-Makram-Ibrahim.csproj", "{B09DBF71-C56A-44CB-AF12-686DECE7ED3B}"
EndProject
Global
	GlobalSection(SolutionConfigurationPlatforms) = preSolution
		Debug|Any CPU = Debug|Any CPU
		Release|Any CPU = Release|Any CPU
	EndGlobalSection
	GlobalSection(ProjectConfigurationPlatforms) = postSolution
		{B09DBF71-C56A-44CB-AF12-686DECE7ED3B}.Debug|Any CPU.ActiveCfg = Debug|Any CPU
		{B09DBF71-C56A-44CB-AF12-686DECE7ED3B}.Debug|Any CPU.Build.0 = Debug|Any CPU
		{B09DBF71-C56A-44CB-AF12-686DECE7ED3B}.Release|Any CPU.ActiveCfg = Release|Any CPU
		{B09DBF71-C56A-44CB-AF12-686DECE7ED3B}.Release|Any CPU.Build.0 = Release|Any CPU
	EndGlobalSection
	GlobalSection(SolutionProperties) = preSolution
		HideSolutionNode = FALSE
	EndGlobalSection
	GlobalSection(ExtensibilityGlobals) = postSolution
		SolutionGuid = {08F7D81A-FFF6-4959-B9B5-E43F67B97B66}
	EndGlobalSection
EndGlobal
